
Microsoft Visual Studio Solution File, Format Version 12.00
# Visual Studio Version 17
VisualStudioVersion = 17.5.002.0
MinimumVisualStudioVersion = 10.0.40219.1
Project("{2150E333-8FDC-42A3-9474-1A3956D46DE8}") = "src", "src", "{DCB26782-AF59-40F3-8B38-B8D8038F0B88}"
EndProject
Project("{9A19103F-16F7-4668-BE54-9A1E7A4F7556}") = "AriguinhaLambdaTest", "src\AriguinhaLambdaTest\AriguinhaLambdaTest.csproj", "{A60D9DD7-BBBD-4FC8-A2E2-DF36E0D48CE1}"
EndProject
Project("{2150E333-8FDC-42A3-9474-1A3956D46DE8}") = "test", "test", "{661DB557-B751-4A32-84B2-942EC05A3D7E}"
EndProject
Project("{9A19103F-16F7-4668-BE54-9A1E7A4F7556}") = "AriguinhaLambdaTest.Tests", "test\AriguinhaLambdaTest.Tests\AriguinhaLambdaTest.Tests.csproj", "{8FDAB535-CA86-41BE-91FE-3CB4C93CB31E}"
EndProject
Global
	GlobalSection(SolutionConfigurationPlatforms) = preSolution
		Debug|Any CPU = Debug|Any CPU
		Release|Any CPU = Release|Any CPU
	EndGlobalSection
	GlobalSection(ProjectConfigurationPlatforms) = postSolution
		{A60D9DD7-BBBD-4FC8-A2E2-DF36E0D48CE1}.Debug|Any CPU.ActiveCfg = Debug|Any CPU
		{A60D9DD7-BBBD-4FC8-A2E2-DF36E0D48CE1}.Debug|Any CPU.Build.0 = Debug|Any CPU
		{A60D9DD7-BBBD-4FC8-A2E2-DF36E0D48CE1}.Release|Any CPU.ActiveCfg = Release|Any CPU
		{A60D9DD7-BBBD-4FC8-A2E2-DF36E0D48CE1}.Release|Any CPU.Build.0 = Release|Any CPU
		{8FDAB535-CA86-41BE-91FE-3CB4C93CB31E}.Debug|Any CPU.ActiveCfg = Debug|Any CPU
		{8FDAB535-CA86-41BE-91FE-3CB4C93CB31E}.Debug|Any CPU.Build.0 = Debug|Any CPU
		{8FDAB535-CA86-41BE-91FE-3CB4C93CB31E}.Release|Any CPU.ActiveCfg = Release|Any CPU
		{8FDAB535-CA86-41BE-91FE-3CB4C93CB31E}.Release|Any CPU.Build.0 = Release|Any CPU
	EndGlobalSection
	GlobalSection(SolutionProperties) = preSolution
		HideSolutionNode = FALSE
	EndGlobalSection
	GlobalSection(NestedProjects) = preSolution
		{A60D9DD7-BBBD-4FC8-A2E2-DF36E0D48CE1} = {DCB26782-AF59-40F3-8B38-B8D8038F0B88}
		{8FDAB535-CA86-41BE-91FE-3CB4C93CB31E} = {661DB557-B751-4A32-84B2-942EC05A3D7E}
	EndGlobalSection
	GlobalSection(ExtensibilityGlobals) = postSolution
		SolutionGuid = {94F16492-ADB3-4B56-94C5-707601B823A3}
	EndGlobalSection
EndGlobal
